
Microsoft Visual Studio Solution File, Format Version 12.00
# Visual Studio Version 17
VisualStudioVersion = 17.7.34009.444
MinimumVisualStudioVersion = 10.0.40219.1
Project("{FAE04EC0-301F-11D3-BF4B-00C04F79EFBC}") = "WindowsFormsApp2", "WindowsFormsApp2\WindowsFormsApp2.csproj", "{2FC7A435-596B-4B0E-9F92-4DB0C1514D14}"
EndProject
Global
	GlobalSection(SolutionConfigurationPlatforms) = preSolution
		Debug|Any CPU = Debug|Any CPU
		Release|Any CPU = Release|Any CPU
	EndGlobalSection
	GlobalSection(ProjectConfigurationPlatforms) = postSolution
		{2FC7A435-596B-4B0E-9F92-4DB0C1514D14}.Debug|Any CPU.ActiveCfg = Debug|Any CPU
		{2FC7A435-596B-4B0E-9F92-4DB0C1514D14}.Debug|Any CPU.Build.0 = Debug|Any CPU
		{2FC7A435-596B-4B0E-9F92-4DB0C1514D14}.Release|Any CPU.ActiveCfg = Release|Any CPU
		{2FC7A435-596B-4B0E-9F92-4DB0C1514D14}.Release|Any CPU.Build.0 = Release|Any CPU
	EndGlobalSection
	GlobalSection(SolutionProperties) = preSolution
		HideSolutionNode = FALSE
	EndGlobalSection
	GlobalSection(ExtensibilityGlobals) = postSolution
		SolutionGuid = {D049942F-021D-4326-8BD6-03FC8AF7CF2C}
	EndGlobalSection
EndGlobal
