
Microsoft Visual Studio Solution File, Format Version 12.00
# Visual Studio Version 17
VisualStudioVersion = 17.7.34009.444
MinimumVisualStudioVersion = 10.0.40219.1
Project("{FAE04EC0-301F-11D3-BF4B-00C04F79EFBC}") = "Exceoptions", "Exceoptions\Exceoptions.csproj", "{4149AFB3-095C-4932-97FD-D65EB062EAB4}"
EndProject
Global
	GlobalSection(SolutionConfigurationPlatforms) = preSolution
		Debug|Any CPU = Debug|Any CPU
		Release|Any CPU = Release|Any CPU
	EndGlobalSection
	GlobalSection(ProjectConfigurationPlatforms) = postSolution
		{4149AFB3-095C-4932-97FD-D65EB062EAB4}.Debug|Any CPU.ActiveCfg = Debug|Any CPU
		{4149AFB3-095C-4932-97FD-D65EB062EAB4}.Debug|Any CPU.Build.0 = Debug|Any CPU
		{4149AFB3-095C-4932-97FD-D65EB062EAB4}.Release|Any CPU.ActiveCfg = Release|Any CPU
		{4149AFB3-095C-4932-97FD-D65EB062EAB4}.Release|Any CPU.Build.0 = Release|Any CPU
	EndGlobalSection
	GlobalSection(SolutionProperties) = preSolution
		HideSolutionNode = FALSE
	EndGlobalSection
	GlobalSection(ExtensibilityGlobals) = postSolution
		SolutionGuid = {186DA7AF-57A9-4597-B1DF-3CD08DD0D8C3}
	EndGlobalSection
EndGlobal
