
Microsoft Visual Studio Solution File, Format Version 12.00
# Visual Studio Version 17
VisualStudioVersion = 17.7.34009.444
MinimumVisualStudioVersion = 10.0.40219.1
Project("{FAE04EC0-301F-11D3-BF4B-00C04F79EFBC}") = "lambdaExercise", "lambdaExercise\lambdaExercise.csproj", "{AF67325F-6645-4682-8228-D89764448D9F}"
EndProject
Global
	GlobalSection(SolutionConfigurationPlatforms) = preSolution
		Debug|Any CPU = Debug|Any CPU
		Release|Any CPU = Release|Any CPU
	EndGlobalSection
	GlobalSection(ProjectConfigurationPlatforms) = postSolution
		{AF67325F-6645-4682-8228-D89764448D9F}.Debug|Any CPU.ActiveCfg = Debug|Any CPU
		{AF67325F-6645-4682-8228-D89764448D9F}.Debug|Any CPU.Build.0 = Debug|Any CPU
		{AF67325F-6645-4682-8228-D89764448D9F}.Release|Any CPU.ActiveCfg = Release|Any CPU
		{AF67325F-6645-4682-8228-D89764448D9F}.Release|Any CPU.Build.0 = Release|Any CPU
	EndGlobalSection
	GlobalSection(SolutionProperties) = preSolution
		HideSolutionNode = FALSE
	EndGlobalSection
	GlobalSection(ExtensibilityGlobals) = postSolution
		SolutionGuid = {3DAB0445-B9E9-4626-9120-CCB670CD4E0D}
	EndGlobalSection
EndGlobal
